// !$*UTF8*$!
{
	archiveVersion = 1;
	classes = {
	};
	objectVersion = 50;
	objects = {

/* Begin PBXBuildFile section */
		E20DD2C325FF325600735B0A /* Qiita_SwiftUIApp.swift in Sources */ = {isa = PBXBuildFile; fileRef = E20DD2C225FF325600735B0A /* Qiita_SwiftUIApp.swift */; };
		E20DD2C525FF325600735B0A /* ContentView.swift in Sources */ = {isa = PBXBuildFile; fileRef = E20DD2C425FF325600735B0A /* ContentView.swift */; };
		E20DD2C725FF325900735B0A /* Assets.xcassets in Resources */ = {isa = PBXBuildFile; fileRef = E20DD2C625FF325900735B0A /* Assets.xcassets */; };
		E20DD2D525FF325900735B0A /* Qiita_SwiftUITests.swift in Sources */ = {isa = PBXBuildFile; fileRef = E20DD2D425FF325900735B0A /* Qiita_SwiftUITests.swift */; };
		E20DD2E025FF325900735B0A /* Qiita_SwiftUIUITests.swift in Sources */ = {isa = PBXBuildFile; fileRef = E20DD2DF25FF325900735B0A /* Qiita_SwiftUIUITests.swift */; };
/* End PBXBuildFile section */

/* Begin PBXContainerItemProxy section */
		E20DD2D125FF325900735B0A /* PBXContainerItemProxy */ = {
			isa = PBXContainerItemProxy;
			containerPortal = E20DD2B725FF325600735B0A /* Project object */;
			proxyType = 1;
			remoteGlobalIDString = E20DD2BE25FF325600735B0A;
			remoteInfo = Qiita_SwiftUI;
		};
		E20DD2DC25FF325900735B0A /* PBXContainerItemProxy */ = {
			isa = PBXContainerItemProxy;
			containerPortal = E20DD2B725FF325600735B0A /* Project object */;
			proxyType = 1;
			remoteGlobalIDString = E20DD2BE25FF325600735B0A;
			remoteInfo = Qiita_SwiftUI;
		};
/* End PBXContainerItemProxy section */

/* Begin PBXFileReference section */
		E20DD2BF25FF325600735B0A /* Qiita_SwiftUI.app */ = {isa = PBXFileReference; explicitFileType = wrapper.application; includeInIndex = 0; path = Qiita_SwiftUI.app; sourceTree = BUILT_PRODUCTS_DIR; };
		E20DD2C225FF325600735B0A /* Qiita_SwiftUIApp.swift */ = {isa = PBXFileReference; lastKnownFileType = sourcecode.swift; path = Qiita_SwiftUIApp.swift; sourceTree = "<group>"; };
		E20DD2C425FF325600735B0A /* ContentView.swift */ = {isa = PBXFileReference; lastKnownFileType = sourcecode.swift; path = ContentView.swift; sourceTree = "<group>"; };
		E20DD2C625FF325900735B0A /* Assets.xcassets */ = {isa = PBXFileReference; lastKnownFileType = folder.assetcatalog; path = Assets.xcassets; sourceTree = "<group>"; };
		E20DD2CB25FF325900735B0A /* Info.plist */ = {isa = PBXFileReference; lastKnownFileType = text.plist.xml; path = Info.plist; sourceTree = "<group>"; };
		E20DD2D025FF325900735B0A /* Qiita_SwiftUITests.xctest */ = {isa = PBXFileReference; explicitFileType = wrapper.cfbundle; includeInIndex = 0; path = Qiita_SwiftUITests.xctest; sourceTree = BUILT_PRODUCTS_DIR; };
		E20DD2D425FF325900735B0A /* Qiita_SwiftUITests.swift */ = {isa = PBXFileReference; lastKnownFileType = sourcecode.swift; path = Qiita_SwiftUITests.swift; sourceTree = "<group>"; };
		E20DD2D625FF325900735B0A /* Info.plist */ = {isa = PBXFileReference; lastKnownFileType = text.plist.xml; path = Info.plist; sourceTree = "<group>"; };
		E20DD2DB25FF325900735B0A /* Qiita_SwiftUIUITests.xctest */ = {isa = PBXFileReference; explicitFileType = wrapper.cfbundle; includeInIndex = 0; path = Qiita_SwiftUIUITests.xctest; sourceTree = BUILT_PRODUCTS_DIR; };
		E20DD2DF25FF325900735B0A /* Qiita_SwiftUIUITests.swift */ = {isa = PBXFileReference; lastKnownFileType = sourcecode.swift; path = Qiita_SwiftUIUITests.swift; sourceTree = "<group>"; };
		E20DD2E125FF325900735B0A /* Info.plist */ = {isa = PBXFileReference; lastKnownFileType = text.plist.xml; path = Info.plist; sourceTree = "<group>"; };
/* End PBXFileReference section */

/* Begin PBXFrameworksBuildPhase section */
		E20DD2BC25FF325600735B0A /* Frameworks */ = {
			isa = PBXFrameworksBuildPhase;
			buildActionMask = 2147483647;
			files = (
			);
			runOnlyForDeploymentPostprocessing = 0;
		};
		E20DD2CD25FF325900735B0A /* Frameworks */ = {
			isa = PBXFrameworksBuildPhase;
			buildActionMask = 2147483647;
			files = (
			);
			runOnlyForDeploymentPostprocessing = 0;
		};
		E20DD2D825FF325900735B0A /* Frameworks */ = {
			isa = PBXFrameworksBuildPhase;
			buildActionMask = 2147483647;
			files = (
			);
			runOnlyForDeploymentPostprocessing = 0;
		};
/* End PBXFrameworksBuildPhase section */

/* Begin PBXGroup section */
		E20DD2B625FF325600735B0A = {
			isa = PBXGroup;
			children = (
				E20DD2C125FF325600735B0A /* Qiita_SwiftUI */,
				E20DD2D325FF325900735B0A /* Qiita_SwiftUITests */,
				E20DD2DE25FF325900735B0A /* Qiita_SwiftUIUITests */,
				E20DD2C025FF325600735B0A /* Products */,
			);
			sourceTree = "<group>";
		};
		E20DD2C025FF325600735B0A /* Products */ = {
			isa = PBXGroup;
			children = (
				E20DD2BF25FF325600735B0A /* Qiita_SwiftUI.app */,
				E20DD2D025FF325900735B0A /* Qiita_SwiftUITests.xctest */,
				E20DD2DB25FF325900735B0A /* Qiita_SwiftUIUITests.xctest */,
			);
			name = Products;
			sourceTree = "<group>";
		};
		E20DD2C125FF325600735B0A /* Qiita_SwiftUI */ = {
			isa = PBXGroup;
			children = (
				E20DD2C225FF325600735B0A /* Qiita_SwiftUIApp.swift */,
				E20DD2F325FF354B00735B0A /* Configuration */,
				E20DD2F525FF36AF00735B0A /* Application */,
				E20DD2F925FF384A00735B0A /* Presentation */,
				E20DD2F425FF355600735B0A /* Resource */,
			);
			path = Qiita_SwiftUI;
			sourceTree = "<group>";
		};
		E20DD2D325FF325900735B0A /* Qiita_SwiftUITests */ = {
			isa = PBXGroup;
			children = (
				E20DD2D425FF325900735B0A /* Qiita_SwiftUITests.swift */,
				E20DD2D625FF325900735B0A /* Info.plist */,
			);
			path = Qiita_SwiftUITests;
			sourceTree = "<group>";
		};
		E20DD2DE25FF325900735B0A /* Qiita_SwiftUIUITests */ = {
			isa = PBXGroup;
			children = (
				E20DD2DF25FF325900735B0A /* Qiita_SwiftUIUITests.swift */,
				E20DD2E125FF325900735B0A /* Info.plist */,
			);
			path = Qiita_SwiftUIUITests;
			sourceTree = "<group>";
		};
		E20DD2F325FF354B00735B0A /* Configuration */ = {
			isa = PBXGroup;
			children = (
				E20DD2CB25FF325900735B0A /* Info.plist */,
			);
			path = Configuration;
			sourceTree = "<group>";
		};
		E20DD2F425FF355600735B0A /* Resource */ = {
			isa = PBXGroup;
			children = (
				E20DD2C625FF325900735B0A /* Assets.xcassets */,
			);
			path = Resource;
			sourceTree = "<group>";
		};
		E20DD2F525FF36AF00735B0A /* Application */ = {
			isa = PBXGroup;
			children = (
			);
			path = Application;
			sourceTree = "<group>";
		};
		E20DD2F925FF384A00735B0A /* Presentation */ = {
			isa = PBXGroup;
			children = (
				E20DD2C425FF325600735B0A /* ContentView.swift */,
			);
			path = Presentation;
			sourceTree = "<group>";
		};
/* End PBXGroup section */

/* Begin PBXNativeTarget section */
		E20DD2BE25FF325600735B0A /* Qiita_SwiftUI */ = {
			isa = PBXNativeTarget;
			buildConfigurationList = E20DD2E425FF325900735B0A /* Build configuration list for PBXNativeTarget "Qiita_SwiftUI" */;
			buildPhases = (
				E20DD2BB25FF325600735B0A /* Sources */,
				E20DD2BC25FF325600735B0A /* Frameworks */,
				E20DD2BD25FF325600735B0A /* Resources */,
			);
			buildRules = (
			);
			dependencies = (
			);
			name = Qiita_SwiftUI;
			productName = Qiita_SwiftUI;
			productReference = E20DD2BF25FF325600735B0A /* Qiita_SwiftUI.app */;
			productType = "com.apple.product-type.application";
		};
		E20DD2CF25FF325900735B0A /* Qiita_SwiftUITests */ = {
			isa = PBXNativeTarget;
			buildConfigurationList = E20DD2E725FF325900735B0A /* Build configuration list for PBXNativeTarget "Qiita_SwiftUITests" */;
			buildPhases = (
				E20DD2CC25FF325900735B0A /* Sources */,
				E20DD2CD25FF325900735B0A /* Frameworks */,
				E20DD2CE25FF325900735B0A /* Resources */,
			);
			buildRules = (
			);
			dependencies = (
				E20DD2D225FF325900735B0A /* PBXTargetDependency */,
			);
			name = Qiita_SwiftUITests;
			productName = Qiita_SwiftUITests;
			productReference = E20DD2D025FF325900735B0A /* Qiita_SwiftUITests.xctest */;
			productType = "com.apple.product-type.bundle.unit-test";
		};
		E20DD2DA25FF325900735B0A /* Qiita_SwiftUIUITests */ = {
			isa = PBXNativeTarget;
			buildConfigurationList = E20DD2EA25FF325900735B0A /* Build configuration list for PBXNativeTarget "Qiita_SwiftUIUITests" */;
			buildPhases = (
				E20DD2D725FF325900735B0A /* Sources */,
				E20DD2D825FF325900735B0A /* Frameworks */,
				E20DD2D925FF325900735B0A /* Resources */,
			);
			buildRules = (
			);
			dependencies = (
				E20DD2DD25FF325900735B0A /* PBXTargetDependency */,
			);
			name = Qiita_SwiftUIUITests;
			productName = Qiita_SwiftUIUITests;
			productReference = E20DD2DB25FF325900735B0A /* Qiita_SwiftUIUITests.xctest */;
			productType = "com.apple.product-type.bundle.ui-testing";
		};
/* End PBXNativeTarget section */

/* Begin PBXProject section */
		E20DD2B725FF325600735B0A /* Project object */ = {
			isa = PBXProject;
			attributes = {
				LastSwiftUpdateCheck = 1230;
				LastUpgradeCheck = 1230;
				TargetAttributes = {
					E20DD2BE25FF325600735B0A = {
						CreatedOnToolsVersion = 12.3;
					};
					E20DD2CF25FF325900735B0A = {
						CreatedOnToolsVersion = 12.3;
						TestTargetID = E20DD2BE25FF325600735B0A;
					};
					E20DD2DA25FF325900735B0A = {
						CreatedOnToolsVersion = 12.3;
						TestTargetID = E20DD2BE25FF325600735B0A;
					};
				};
			};
			buildConfigurationList = E20DD2BA25FF325600735B0A /* Build configuration list for PBXProject "Qiita_SwiftUI" */;
			compatibilityVersion = "Xcode 9.3";
			developmentRegion = en;
			hasScannedForEncodings = 0;
			knownRegions = (
				en,
				Base,
			);
			mainGroup = E20DD2B625FF325600735B0A;
			productRefGroup = E20DD2C025FF325600735B0A /* Products */;
			projectDirPath = "";
			projectRoot = "";
			targets = (
				E20DD2BE25FF325600735B0A /* Qiita_SwiftUI */,
				E20DD2CF25FF325900735B0A /* Qiita_SwiftUITests */,
				E20DD2DA25FF325900735B0A /* Qiita_SwiftUIUITests */,
			);
		};
/* End PBXProject section */

/* Begin PBXResourcesBuildPhase section */
		E20DD2BD25FF325600735B0A /* Resources */ = {
			isa = PBXResourcesBuildPhase;
			buildActionMask = 2147483647;
			files = (
				E20DD2C725FF325900735B0A /* Assets.xcassets in Resources */,
			);
			runOnlyForDeploymentPostprocessing = 0;
		};
		E20DD2CE25FF325900735B0A /* Resources */ = {
			isa = PBXResourcesBuildPhase;
			buildActionMask = 2147483647;
			files = (
			);
			runOnlyForDeploymentPostprocessing = 0;
		};
		E20DD2D925FF325900735B0A /* Resources */ = {
			isa = PBXResourcesBuildPhase;
			buildActionMask = 2147483647;
			files = (
			);
			runOnlyForDeploymentPostprocessing = 0;
		};
/* End PBXResourcesBuildPhase section */

/* Begin PBXSourcesBuildPhase section */
		E20DD2BB25FF325600735B0A /* Sources */ = {
			isa = PBXSourcesBuildPhase;
			buildActionMask = 2147483647;
			files = (
				E20DD2C525FF325600735B0A /* ContentView.swift in Sources */,
				E20DD2C325FF325600735B0A /* Qiita_SwiftUIApp.swift in Sources */,
			);
			runOnlyForDeploymentPostprocessing = 0;
		};
		E20DD2CC25FF325900735B0A /* Sources */ = {
			isa = PBXSourcesBuildPhase;
			buildActionMask = 2147483647;
			files = (
				E20DD2D525FF325900735B0A /* Qiita_SwiftUITests.swift in Sources */,
			);
			runOnlyForDeploymentPostprocessing = 0;
		};
		E20DD2D725FF325900735B0A /* Sources */ = {
			isa = PBXSourcesBuildPhase;
			buildActionMask = 2147483647;
			files = (
				E20DD2E025FF325900735B0A /* Qiita_SwiftUIUITests.swift in Sources */,
			);
			runOnlyForDeploymentPostprocessing = 0;
		};
/* End PBXSourcesBuildPhase section */

/* Begin PBXTargetDependency section */
		E20DD2D225FF325900735B0A /* PBXTargetDependency */ = {
			isa = PBXTargetDependency;
			target = E20DD2BE25FF325600735B0A /* Qiita_SwiftUI */;
			targetProxy = E20DD2D125FF325900735B0A /* PBXContainerItemProxy */;
		};
		E20DD2DD25FF325900735B0A /* PBXTargetDependency */ = {
			isa = PBXTargetDependency;
			target = E20DD2BE25FF325600735B0A /* Qiita_SwiftUI */;
			targetProxy = E20DD2DC25FF325900735B0A /* PBXContainerItemProxy */;
		};
/* End PBXTargetDependency section */

/* Begin XCBuildConfiguration section */
		E20DD2E225FF325900735B0A /* Debug */ = {
			isa = XCBuildConfiguration;
			buildSettings = {
				ALWAYS_SEARCH_USER_PATHS = NO;
				CLANG_ANALYZER_NONNULL = YES;
				CLANG_ANALYZER_NUMBER_OBJECT_CONVERSION = YES_AGGRESSIVE;
				CLANG_CXX_LANGUAGE_STANDARD = "gnu++14";
				CLANG_CXX_LIBRARY = "libc++";
				CLANG_ENABLE_MODULES = YES;
				CLANG_ENABLE_OBJC_ARC = YES;
				CLANG_ENABLE_OBJC_WEAK = YES;
				CLANG_WARN_BLOCK_CAPTURE_AUTORELEASING = YES;
				CLANG_WARN_BOOL_CONVERSION = YES;
				CLANG_WARN_COMMA = YES;
				CLANG_WARN_CONSTANT_CONVERSION = YES;
				CLANG_WARN_DEPRECATED_OBJC_IMPLEMENTATIONS = YES;
				CLANG_WARN_DIRECT_OBJC_ISA_USAGE = YES_ERROR;
				CLANG_WARN_DOCUMENTATION_COMMENTS = YES;
				CLANG_WARN_EMPTY_BODY = YES;
				CLANG_WARN_ENUM_CONVERSION = YES;
				CLANG_WARN_INFINITE_RECURSION = YES;
				CLANG_WARN_INT_CONVERSION = YES;
				CLANG_WARN_NON_LITERAL_NULL_CONVERSION = YES;
				CLANG_WARN_OBJC_IMPLICIT_RETAIN_SELF = YES;
				CLANG_WARN_OBJC_LITERAL_CONVERSION = YES;
				CLANG_WARN_OBJC_ROOT_CLASS = YES_ERROR;
				CLANG_WARN_QUOTED_INCLUDE_IN_FRAMEWORK_HEADER = YES;
				CLANG_WARN_RANGE_LOOP_ANALYSIS = YES;
				CLANG_WARN_STRICT_PROTOTYPES = YES;
				CLANG_WARN_SUSPICIOUS_MOVE = YES;
				CLANG_WARN_UNGUARDED_AVAILABILITY = YES_AGGRESSIVE;
				CLANG_WARN_UNREACHABLE_CODE = YES;
				CLANG_WARN__DUPLICATE_METHOD_MATCH = YES;
				COPY_PHASE_STRIP = NO;
				DEBUG_INFORMATION_FORMAT = dwarf;
				ENABLE_STRICT_OBJC_MSGSEND = YES;
				ENABLE_TESTABILITY = YES;
				GCC_C_LANGUAGE_STANDARD = gnu11;
				GCC_DYNAMIC_NO_PIC = NO;
				GCC_NO_COMMON_BLOCKS = YES;
				GCC_OPTIMIZATION_LEVEL = 0;
				GCC_PREPROCESSOR_DEFINITIONS = (
					"DEBUG=1",
					"$(inherited)",
				);
				GCC_WARN_64_TO_32_BIT_CONVERSION = YES;
				GCC_WARN_ABOUT_RETURN_TYPE = YES_ERROR;
				GCC_WARN_UNDECLARED_SELECTOR = YES;
				GCC_WARN_UNINITIALIZED_AUTOS = YES_AGGRESSIVE;
				GCC_WARN_UNUSED_FUNCTION = YES;
				GCC_WARN_UNUSED_VARIABLE = YES;
				IPHONEOS_DEPLOYMENT_TARGET = 14.3;
				MTL_ENABLE_DEBUG_INFO = INCLUDE_SOURCE;
				MTL_FAST_MATH = YES;
				ONLY_ACTIVE_ARCH = YES;
				SDKROOT = iphoneos;
				SWIFT_ACTIVE_COMPILATION_CONDITIONS = DEBUG;
				SWIFT_OPTIMIZATION_LEVEL = "-Onone";
			};
			name = Debug;
		};
		E20DD2E325FF325900735B0A /* Release */ = {
			isa = XCBuildConfiguration;
			buildSettings = {
				ALWAYS_SEARCH_USER_PATHS = NO;
				CLANG_ANALYZER_NONNULL = YES;
				CLANG_ANALYZER_NUMBER_OBJECT_CONVERSION = YES_AGGRESSIVE;
				CLANG_CXX_LANGUAGE_STANDARD = "gnu++14";
				CLANG_CXX_LIBRARY = "libc++";
				CLANG_ENABLE_MODULES = YES;
				CLANG_ENABLE_OBJC_ARC = YES;
				CLANG_ENABLE_OBJC_WEAK = YES;
				CLANG_WARN_BLOCK_CAPTURE_AUTORELEASING = YES;
				CLANG_WARN_BOOL_CONVERSION = YES;
				CLANG_WARN_COMMA = YES;
				CLANG_WARN_CONSTANT_CONVERSION = YES;
				CLANG_WARN_DEPRECATED_OBJC_IMPLEMENTATIONS = YES;
				CLANG_WARN_DIRECT_OBJC_ISA_USAGE = YES_ERROR;
				CLANG_WARN_DOCUMENTATION_COMMENTS = YES;
				CLANG_WARN_EMPTY_BODY = YES;
				CLANG_WARN_ENUM_CONVERSION = YES;
				CLANG_WARN_INFINITE_RECURSION = YES;
				CLANG_WARN_INT_CONVERSION = YES;
				CLANG_WARN_NON_LITERAL_NULL_CONVERSION = YES;
				CLANG_WARN_OBJC_IMPLICIT_RETAIN_SELF = YES;
				CLANG_WARN_OBJC_LITERAL_CONVERSION = YES;
				CLANG_WARN_OBJC_ROOT_CLASS = YES_ERROR;
				CLANG_WARN_QUOTED_INCLUDE_IN_FRAMEWORK_HEADER = YES;
				CLANG_WARN_RANGE_LOOP_ANALYSIS = YES;
				CLANG_WARN_STRICT_PROTOTYPES = YES;
				CLANG_WARN_SUSPICIOUS_MOVE = YES;
				CLANG_WARN_UNGUARDED_AVAILABILITY = YES_AGGRESSIVE;
				CLANG_WARN_UNREACHABLE_CODE = YES;
				CLANG_WARN__DUPLICATE_METHOD_MATCH = YES;
				COPY_PHASE_STRIP = NO;
				DEBUG_INFORMATION_FORMAT = "dwarf-with-dsym";
				ENABLE_NS_ASSERTIONS = NO;
				ENABLE_STRICT_OBJC_MSGSEND = YES;
				GCC_C_LANGUAGE_STANDARD = gnu11;
				GCC_NO_COMMON_BLOCKS = YES;
				GCC_WARN_64_TO_32_BIT_CONVERSION = YES;
				GCC_WARN_ABOUT_RETURN_TYPE = YES_ERROR;
				GCC_WARN_UNDECLARED_SELECTOR = YES;
				GCC_WARN_UNINITIALIZED_AUTOS = YES_AGGRESSIVE;
				GCC_WARN_UNUSED_FUNCTION = YES;
				GCC_WARN_UNUSED_VARIABLE = YES;
				IPHONEOS_DEPLOYMENT_TARGET = 14.3;
				MTL_ENABLE_DEBUG_INFO = NO;
				MTL_FAST_MATH = YES;
				SDKROOT = iphoneos;
				SWIFT_COMPILATION_MODE = wholemodule;
				SWIFT_OPTIMIZATION_LEVEL = "-O";
				VALIDATE_PRODUCT = YES;
			};
			name = Release;
		};
		E20DD2E525FF325900735B0A /* Debug */ = {
			isa = XCBuildConfiguration;
			buildSettings = {
				ASSETCATALOG_COMPILER_APPICON_NAME = AppIcon;
				ASSETCATALOG_COMPILER_GLOBAL_ACCENT_COLOR_NAME = AccentColor;
				CODE_SIGN_STYLE = Automatic;
				DEVELOPMENT_ASSET_PATHS = "\"Qiita_SwiftUI/Preview Content\"";
				DEVELOPMENT_TEAM = B825Q6Y75U;
				ENABLE_PREVIEWS = YES;
				INFOPLIST_FILE = Qiita_SwiftUI/Info.plist;
				IPHONEOS_DEPLOYMENT_TARGET = 14.0;
				LD_RUNPATH_SEARCH_PATHS = (
					"$(inherited)",
					"@executable_path/Frameworks",
				);
				PRODUCT_BUNDLE_IDENTIFIER = "kntk.Qiita-SwiftUI";
				PRODUCT_NAME = "$(TARGET_NAME)";
				SWIFT_VERSION = 5.0;
				TARGETED_DEVICE_FAMILY = "1,2";
			};
			name = Debug;
		};
		E20DD2E625FF325900735B0A /* Release */ = {
			isa = XCBuildConfiguration;
			buildSettings = {
				ASSETCATALOG_COMPILER_APPICON_NAME = AppIcon;
				ASSETCATALOG_COMPILER_GLOBAL_ACCENT_COLOR_NAME = AccentColor;
				CODE_SIGN_STYLE = Automatic;
				DEVELOPMENT_ASSET_PATHS = "\"Qiita_SwiftUI/Preview Content\"";
				DEVELOPMENT_TEAM = B825Q6Y75U;
				ENABLE_PREVIEWS = YES;
				INFOPLIST_FILE = Qiita_SwiftUI/Info.plist;
				IPHONEOS_DEPLOYMENT_TARGET = 14.0;
				LD_RUNPATH_SEARCH_PATHS = (
					"$(inherited)",
					"@executable_path/Frameworks",
				);
				PRODUCT_BUNDLE_IDENTIFIER = "kntk.Qiita-SwiftUI";
				PRODUCT_NAME = "$(TARGET_NAME)";
				SWIFT_VERSION = 5.0;
				TARGETED_DEVICE_FAMILY = "1,2";
			};
			name = Release;
		};
		E20DD2E825FF325900735B0A /* Debug */ = {
			isa = XCBuildConfiguration;
			buildSettings = {
				ALWAYS_EMBED_SWIFT_STANDARD_LIBRARIES = YES;
				BUNDLE_LOADER = "$(TEST_HOST)";
				CODE_SIGN_STYLE = Automatic;
				DEVELOPMENT_TEAM = B825Q6Y75U;
				INFOPLIST_FILE = Qiita_SwiftUITests/Info.plist;
				IPHONEOS_DEPLOYMENT_TARGET = 14.0;
				LD_RUNPATH_SEARCH_PATHS = (
					"$(inherited)",
					"@executable_path/Frameworks",
					"@loader_path/Frameworks",
				);
				PRODUCT_BUNDLE_IDENTIFIER = "kntk.Qiita-SwiftUITests";
				PRODUCT_NAME = "$(TARGET_NAME)";
				SWIFT_VERSION = 5.0;
				TARGETED_DEVICE_FAMILY = "1,2";
				TEST_HOST = "$(BUILT_PRODUCTS_DIR)/Qiita_SwiftUI.app/Qiita_SwiftUI";
			};
			name = Debug;
		};
		E20DD2E925FF325900735B0A /* Release */ = {
			isa = XCBuildConfiguration;
			buildSettings = {
				ALWAYS_EMBED_SWIFT_STANDARD_LIBRARIES = YES;
				BUNDLE_LOADER = "$(TEST_HOST)";
				CODE_SIGN_STYLE = Automatic;
				DEVELOPMENT_TEAM = B825Q6Y75U;
				INFOPLIST_FILE = Qiita_SwiftUITests/Info.plist;
				IPHONEOS_DEPLOYMENT_TARGET = 14.0;
				LD_RUNPATH_SEARCH_PATHS = (
					"$(inherited)",
					"@executable_path/Frameworks",
					"@loader_path/Frameworks",
				);
				PRODUCT_BUNDLE_IDENTIFIER = "kntk.Qiita-SwiftUITests";
				PRODUCT_NAME = "$(TARGET_NAME)";
				SWIFT_VERSION = 5.0;
				TARGETED_DEVICE_FAMILY = "1,2";
				TEST_HOST = "$(BUILT_PRODUCTS_DIR)/Qiita_SwiftUI.app/Qiita_SwiftUI";
			};
			name = Release;
		};
		E20DD2EB25FF325900735B0A /* Debug */ = {
			isa = XCBuildConfiguration;
			buildSettings = {
				ALWAYS_EMBED_SWIFT_STANDARD_LIBRARIES = YES;
				CODE_SIGN_STYLE = Automatic;
				DEVELOPMENT_TEAM = B825Q6Y75U;
				INFOPLIST_FILE = Qiita_SwiftUIUITests/Info.plist;
				LD_RUNPATH_SEARCH_PATHS = (
					"$(inherited)",
					"@executable_path/Frameworks",
					"@loader_path/Frameworks",
				);
				PRODUCT_BUNDLE_IDENTIFIER = "kntk.Qiita-SwiftUIUITests";
				PRODUCT_NAME = "$(TARGET_NAME)";
				SWIFT_VERSION = 5.0;
				TARGETED_DEVICE_FAMILY = "1,2";
				TEST_TARGET_NAME = Qiita_SwiftUI;
			};
			name = Debug;
		};
		E20DD2EC25FF325900735B0A /* Release */ = {
			isa = XCBuildConfiguration;
			buildSettings = {
				ALWAYS_EMBED_SWIFT_STANDARD_LIBRARIES = YES;
				CODE_SIGN_STYLE = Automatic;
				DEVELOPMENT_TEAM = B825Q6Y75U;
				INFOPLIST_FILE = Qiita_SwiftUIUITests/Info.plist;
				LD_RUNPATH_SEARCH_PATHS = (
					"$(inherited)",
					"@executable_path/Frameworks",
					"@loader_path/Frameworks",
				);
				PRODUCT_BUNDLE_IDENTIFIER = "kntk.Qiita-SwiftUIUITests";
				PRODUCT_NAME = "$(TARGET_NAME)";
				SWIFT_VERSION = 5.0;
				TARGETED_DEVICE_FAMILY = "1,2";
				TEST_TARGET_NAME = Qiita_SwiftUI;
			};
			name = Release;
		};
/* End XCBuildConfiguration section */

/* Begin XCConfigurationList section */
		E20DD2BA25FF325600735B0A /* Build configuration list for PBXProject "Qiita_SwiftUI" */ = {
			isa = XCConfigurationList;
			buildConfigurations = (
				E20DD2E225FF325900735B0A /* Debug */,
				E20DD2E325FF325900735B0A /* Release */,
			);
			defaultConfigurationIsVisible = 0;
			defaultConfigurationName = Release;
		};
		E20DD2E425FF325900735B0A /* Build configuration list for PBXNativeTarget "Qiita_SwiftUI" */ = {
			isa = XCConfigurationList;
			buildConfigurations = (
				E20DD2E525FF325900735B0A /* Debug */,
				E20DD2E625FF325900735B0A /* Release */,
			);
			defaultConfigurationIsVisible = 0;
			defaultConfigurationName = Release;
		};
		E20DD2E725FF325900735B0A /* Build configuration list for PBXNativeTarget "Qiita_SwiftUITests" */ = {
			isa = XCConfigurationList;
			buildConfigurations = (
				E20DD2E825FF325900735B0A /* Debug */,
				E20DD2E925FF325900735B0A /* Release */,
			);
			defaultConfigurationIsVisible = 0;
			defaultConfigurationName = Release;
		};
		E20DD2EA25FF325900735B0A /* Build configuration list for PBXNativeTarget "Qiita_SwiftUIUITests" */ = {
			isa = XCConfigurationList;
			buildConfigurations = (
				E20DD2EB25FF325900735B0A /* Debug */,
				E20DD2EC25FF325900735B0A /* Release */,
			);
			defaultConfigurationIsVisible = 0;
			defaultConfigurationName = Release;
		};
/* End XCConfigurationList section */
	};
	rootObject = E20DD2B725FF325600735B0A /* Project object */;
}
